
Microsoft Visual Studio Solution File, Format Version 12.00
# Visual Studio 14
VisualStudioVersion = 14.0.25420.1
MinimumVisualStudioVersion = 10.0.40219.1
Project("{FAE04EC0-301F-11D3-BF4B-00C04F79EFBC}") = "Kassenautomat", "Kassenautomat\Kassenautomat.csproj", "{71C722BC-DE62-4500-879B-84BBCCB7A3F9}"
EndProject
Global
	GlobalSection(SolutionConfigurationPlatforms) = preSolution
		Debug|Any CPU = Debug|Any CPU
		Release|Any CPU = Release|Any CPU
	EndGlobalSection
	GlobalSection(ProjectConfigurationPlatforms) = postSolution
		{71C722BC-DE62-4500-879B-84BBCCB7A3F9}.Debug|Any CPU.ActiveCfg = Debug|Any CPU
		{71C722BC-DE62-4500-879B-84BBCCB7A3F9}.Debug|Any CPU.Build.0 = Debug|Any CPU
		{71C722BC-DE62-4500-879B-84BBCCB7A3F9}.Release|Any CPU.ActiveCfg = Release|Any CPU
		{71C722BC-DE62-4500-879B-84BBCCB7A3F9}.Release|Any CPU.Build.0 = Release|Any CPU
	EndGlobalSection
	GlobalSection(SolutionProperties) = preSolution
		HideSolutionNode = FALSE
	EndGlobalSection
EndGlobal
